<?xml version="1.0" encoding="utf-8"?>
<Project ToolsVersion="4.0" xmlns="http://schemas.microsoft.com/developer/msbuild/2003">
  <ItemGroup>
    <Filter Include="source files">
      <UniqueIdentifier>{28be8156-9f65-4529-b83c-c3fe0e247219}</UniqueIdentifier>
    </Filter>
    <Filter Include="header files">
      <UniqueIdentifier>{daa47d8e-c79f-48fd-a474-89380d20c849}</UniqueIdentifier>
    </Filter>
  </ItemGroup>
  <ItemGroup>
    <ClInclude Include="scanner.hpp">
      <Filter>header files</Filter>
    </ClInclude>
  </ItemGroup>
  <ItemGroup>
    <ClCompile Include="scanner.cpp">
      <Filter>source files</Filter>
    </ClCompile>
    <ClCompile Include="example_main.cpp" />
  </ItemGroup>
  <ItemGroup>
    <None Include="..\readme.md" />
  </ItemGroup>
</Project>